
Microsoft Visual Studio Solution File, Format Version 12.00
# Visual Studio Version 17
VisualStudioVersion = 17.10.35013.160
MinimumVisualStudioVersion = 10.0.40219.1
Project("{FAE04EC0-301F-11D3-BF4B-00C04F79EFBC}") = "PeerToPeerChatApp", "PeerToPeerChatApp\PeerToPeerChatApp.csproj", "{DD147FFC-B462-4DB5-A2F4-DDB7F538D403}"
EndProject
Global
	GlobalSection(SolutionConfigurationPlatforms) = preSolution
		Debug|Any CPU = Debug|Any CPU
		Release|Any CPU = Release|Any CPU
	EndGlobalSection
	GlobalSection(ProjectConfigurationPlatforms) = postSolution
		{DD147FFC-B462-4DB5-A2F4-DDB7F538D403}.Debug|Any CPU.ActiveCfg = Debug|Any CPU
		{DD147FFC-B462-4DB5-A2F4-DDB7F538D403}.Debug|Any CPU.Build.0 = Debug|Any CPU
		{DD147FFC-B462-4DB5-A2F4-DDB7F538D403}.Release|Any CPU.ActiveCfg = Release|Any CPU
		{DD147FFC-B462-4DB5-A2F4-DDB7F538D403}.Release|Any CPU.Build.0 = Release|Any CPU
	EndGlobalSection
	GlobalSection(SolutionProperties) = preSolution
		HideSolutionNode = FALSE
	EndGlobalSection
	GlobalSection(ExtensibilityGlobals) = postSolution
		SolutionGuid = {082C42F2-D6BA-408B-BFB8-61189FA0F45E}
	EndGlobalSection
EndGlobal
